
Microsoft Visual Studio Solution File, Format Version 12.00
# Visual Studio Version 17
VisualStudioVersion = 17.0.31903.59
MinimumVisualStudioVersion = 10.0.40219.1
Project("{FAE04EC0-301F-11D3-BF4B-00C04F79EFBC}") = "GigSense.Library", "src\GigSense.Library\GigSense.Library.csproj", "{5A824C88-1E0A-45D5-A399-C90E1F28E647}"
EndProject
Global
	GlobalSection(SolutionConfigurationPlatforms) = preSolution
		Debug|Any CPU = Debug|Any CPU
		Release|Any CPU = Release|Any CPU
	EndGlobalSection
	GlobalSection(ProjectConfigurationPlatforms) = postSolution
		{5A824C88-1E0A-45D5-A399-C90E1F28E647}.Debug|Any CPU.ActiveCfg = Debug|Any CPU
		{5A824C88-1E0A-45D5-A399-C90E1F28E647}.Debug|Any CPU.Build.0 = Debug|Any CPU
		{5A824C88-1E0A-45D5-A399-C90E1F28E647}.Release|Any CPU.ActiveCfg = Release|Any CPU
		{5A824C88-1E0A-45D5-A399-C90E1F28E647}.Release|Any CPU.Build.0 = Release|Any CPU
	EndGlobalSection
	GlobalSection(SolutionProperties) = preSolution
		HideSolutionNode = FALSE
	EndGlobalSection
	GlobalSection(ExtensibilityGlobals) = postSolution
		SolutionGuid = {2E0E1BC0-6DB0-4BEC-B182-E415FDF628AA}
	EndGlobalSection
EndGlobal
